{
  "name": "brain-device-viewer",
  "version": "1.0.0",
  "lockfileVersion": 3,
  "requires": true,
  "packages": {
    "": {
      "name": "brain-device-viewer",
      "version": "1.0.0",
      "dependencies": {
        "meshoptimizer": "0.21.0",
        "occt-import-js": "^0.0.23"
      }
    },
    "node_modules/meshoptimizer": {
      "version": "0.21.0",
      "resolved": "https://registry.npmjs.org/meshoptimizer/-/meshoptimizer-0.21.0.tgz",
      "integrity": "sha512-WabtlpnK/GgD0GMwYd1fBTfYHf4MIcQPEg6dt7y4GuDcY51RzLSkSNE8ZogD7U3Vs2/fIf4z89TOLpA80EOnhg==",
      "license": "MIT"
    },
    "node_modules/occt-import-js": {
      "version": "0.0.23",
      "resolved": "https://registry.npmjs.org/occt-import-js/-/occt-import-js-0.0.23.tgz",
      "integrity": "sha512-RFfYQXYFX5C1mB1Aywm0ShcUKzXOr/VzTnlzhBSDJOR6YCAPt1HYCzeXWg1vwwjn/cUxwqRNhhtf1dlewoZYCQ=="
    }
  }
}
